// !$*UTF8*$!
{
	archiveVersion = 1;
	classes = {};
	objectVersion = 56;
	objects = {
		2E7D6B17FC10F22EDDD15EAE = {isa = PBXFileReference; lastKnownFileType = sourcecode.swift; path = "BackupCodec.swift"; sourceTree = "<group>"; };
		9098E251BFAAD98A61C1B44D = {isa = PBXBuildFile; fileRef = 2E7D6B17FC10F22EDDD15EAE; };
		71A99FD746563C60AFCC251D = {isa = PBXFileReference; lastKnownFileType = sourcecode.swift; path = "ExerciseSeed.swift"; sourceTree = "<group>"; };
		E4B2885C1096A2BD01CFEFA7 = {isa = PBXBuildFile; fileRef = 71A99FD746563C60AFCC251D; };
		21C5E6C37C0C809530EEDFC6 = {isa = PBXFileReference; lastKnownFileType = sourcecode.swift; path = "ExerciseViews.swift"; sourceTree = "<group>"; };
		8F4327D8B57991E36D9B530F = {isa = PBXBuildFile; fileRef = 21C5E6C37C0C809530EEDFC6; };
		D0C45F74FE39F7452CD575F7 = {isa = PBXFileReference; lastKnownFileType = sourcecode.swift; path = "GymStore.swift"; sourceTree = "<group>"; };
		F447DD5DFB4A9E627E0B7516 = {isa = PBXBuildFile; fileRef = D0C45F74FE39F7452CD575F7; };
		6D561D1ACF8F652B44DF0059 = {isa = PBXFileReference; lastKnownFileType = sourcecode.swift; path = "GymTrackerApp.swift"; sourceTree = "<group>"; };
		04CF77772553CC78EDA5A7BA = {isa = PBXBuildFile; fileRef = 6D561D1ACF8F652B44DF0059; };
		3BE7400B5641484930BD5690 = {isa = PBXFileReference; lastKnownFileType = sourcecode.swift; path = "HevyCSV.swift"; sourceTree = "<group>"; };
		A7342B7DC771E67CFE4E53E4 = {isa = PBXBuildFile; fileRef = 3BE7400B5641484930BD5690; };
		DC2F3BFE4FA04C5BB098911E = {isa = PBXFileReference; lastKnownFileType = sourcecode.swift; path = "HistoryViews.swift"; sourceTree = "<group>"; };
		6392698010A8086E90C9E620 = {isa = PBXBuildFile; fileRef = DC2F3BFE4FA04C5BB098911E; };
		8D3112121B54D48355CD0229 = {isa = PBXFileReference; lastKnownFileType = sourcecode.swift; path = "Models.swift"; sourceTree = "<group>"; };
		69384376AB35183C599E1E2F = {isa = PBXBuildFile; fileRef = 8D3112121B54D48355CD0229; };
		056F7F3DD946FC0397DF22CB = {isa = PBXFileReference; lastKnownFileType = sourcecode.swift; path = "NutritionViews.swift"; sourceTree = "<group>"; };
		01A863B52707397999A246DF = {isa = PBXBuildFile; fileRef = 056F7F3DD946FC0397DF22CB; };
		E95A9ECD21A3DF87615D3DF0 = {isa = PBXFileReference; lastKnownFileType = sourcecode.swift; path = "ProfileViews.swift"; sourceTree = "<group>"; };
		512050BAAAF4E09A4BBD1A56 = {isa = PBXBuildFile; fileRef = E95A9ECD21A3DF87615D3DF0; };
		62D73FD6760AFE745DD38A25 = {isa = PBXFileReference; lastKnownFileType = sourcecode.swift; path = "ProgressViews.swift"; sourceTree = "<group>"; };
		637A007DC7D5FECEF00E0426 = {isa = PBXBuildFile; fileRef = 62D73FD6760AFE745DD38A25; };
		1BF2A14F34AD644B0160AF8F = {isa = PBXFileReference; lastKnownFileType = sourcecode.swift; path = "RestTimer.swift"; sourceTree = "<group>"; };
		C4D8567D0A32D19E4F6C33FE = {isa = PBXBuildFile; fileRef = 1BF2A14F34AD644B0160AF8F; };
		05211821BE29BA736B7F9987 = {isa = PBXFileReference; lastKnownFileType = sourcecode.swift; path = "TrainingViews.swift"; sourceTree = "<group>"; };
		FCD8832C40CC5839E1B15A58 = {isa = PBXBuildFile; fileRef = 05211821BE29BA736B7F9987; };
		795A02A63DC9C1E86758E98F = {isa = PBXFileReference; lastKnownFileType = folder.assetcatalog; path = "Assets.xcassets"; sourceTree = "<group>"; };
		D0ADC22F3C046CC76298F620 = {isa = PBXBuildFile; fileRef = 795A02A63DC9C1E86758E98F; };
		6D123AE8AB04EEE632CC6C18 = {isa = PBXFileReference; lastKnownFileType = text.xml; path = "PrivacyInfo.xcprivacy"; sourceTree = "<group>"; };
		FD57E9B16885BEBF76EEE08F = {isa = PBXBuildFile; fileRef = 6D123AE8AB04EEE632CC6C18; };
		2E2AFE6283F28B921B0A5A14 = {isa = PBXGroup; children = (2E7D6B17FC10F22EDDD15EAE, 71A99FD746563C60AFCC251D, 21C5E6C37C0C809530EEDFC6, D0C45F74FE39F7452CD575F7, 6D561D1ACF8F652B44DF0059, 3BE7400B5641484930BD5690, DC2F3BFE4FA04C5BB098911E, 8D3112121B54D48355CD0229, 056F7F3DD946FC0397DF22CB, E95A9ECD21A3DF87615D3DF0, 62D73FD6760AFE745DD38A25, 1BF2A14F34AD644B0160AF8F, 05211821BE29BA736B7F9987, 795A02A63DC9C1E86758E98F, 6D123AE8AB04EEE632CC6C18,); path = "GymTracker"; sourceTree = "<group>"; };
		9754CD8115452941674D8B8D = {isa = PBXFileReference; explicitFileType = wrapper.app; includeInIndex = 0; path = "GymTracker.app"; sourceTree = BUILT_PRODUCTS_DIR; };
		C3BD2B66925FBC8530EA23A0 = {isa = PBXSourcesBuildPhase; buildActionMask = 2147483647; files = (9098E251BFAAD98A61C1B44D, E4B2885C1096A2BD01CFEFA7, 8F4327D8B57991E36D9B530F, F447DD5DFB4A9E627E0B7516, 04CF77772553CC78EDA5A7BA, A7342B7DC771E67CFE4E53E4, 6392698010A8086E90C9E620, 69384376AB35183C599E1E2F, 01A863B52707397999A246DF, 512050BAAAF4E09A4BBD1A56, 637A007DC7D5FECEF00E0426, C4D8567D0A32D19E4F6C33FE, FCD8832C40CC5839E1B15A58,); runOnlyForDeploymentPostprocessing = 0; };
		2AE6FF3DCB1BEA75315C0FD6 = {isa = PBXFrameworksBuildPhase; buildActionMask = 2147483647; files = (); runOnlyForDeploymentPostprocessing = 0; };
		5A5DA3AA9B178853B01FA1B3 = {isa = PBXResourcesBuildPhase; buildActionMask = 2147483647; files = (D0ADC22F3C046CC76298F620, FD57E9B16885BEBF76EEE08F,); runOnlyForDeploymentPostprocessing = 0; };
		00BB0402EE404ADDF1AC37AA = {isa = XCBuildConfiguration; buildSettings = {PRODUCT_NAME = "$(TARGET_NAME)"; PRODUCT_BUNDLE_IDENTIFIER = "com.codex.gymtracker"; SWIFT_VERSION = "5.0"; IPHONEOS_DEPLOYMENT_TARGET = "16.0"; TARGETED_DEVICE_FAMILY = "1"; CODE_SIGN_STYLE = "Automatic"; CURRENT_PROJECT_VERSION = "1"; MARKETING_VERSION = "0.1.0"; GENERATE_INFOPLIST_FILE = "YES"; SWIFT_STRICT_CONCURRENCY = "targeted"; INFOPLIST_FILE = "GymTracker/Info.plist"; ASSETCATALOG_COMPILER_APPICON_NAME = "AppIcon"; ASSETCATALOG_COMPILER_GLOBAL_ACCENT_COLOR_NAME = "AccentColor";}; name = Debug; };
		F5E263AEF6BDEA5058B3D2E3 = {isa = XCBuildConfiguration; buildSettings = {PRODUCT_NAME = "$(TARGET_NAME)"; PRODUCT_BUNDLE_IDENTIFIER = "com.codex.gymtracker"; SWIFT_VERSION = "5.0"; IPHONEOS_DEPLOYMENT_TARGET = "16.0"; TARGETED_DEVICE_FAMILY = "1"; CODE_SIGN_STYLE = "Automatic"; CURRENT_PROJECT_VERSION = "1"; MARKETING_VERSION = "0.1.0"; GENERATE_INFOPLIST_FILE = "YES"; SWIFT_STRICT_CONCURRENCY = "targeted"; INFOPLIST_FILE = "GymTracker/Info.plist"; ASSETCATALOG_COMPILER_APPICON_NAME = "AppIcon"; ASSETCATALOG_COMPILER_GLOBAL_ACCENT_COLOR_NAME = "AccentColor";}; name = Release; };
		263D7303F5B31DFE9332225A = {isa = XCConfigurationList; buildConfigurations = (00BB0402EE404ADDF1AC37AA, F5E263AEF6BDEA5058B3D2E3,); defaultConfigurationIsVisible = 0; defaultConfigurationName = Release; };
		34B32DC670669FF896B11D92 = {isa = PBXNativeTarget; buildConfigurationList = 263D7303F5B31DFE9332225A; buildPhases = (C3BD2B66925FBC8530EA23A0, 2AE6FF3DCB1BEA75315C0FD6, 5A5DA3AA9B178853B01FA1B3,); buildRules = (); dependencies = (); name = GymTracker; productName = GymTracker; productReference = 9754CD8115452941674D8B8D; productType = "com.apple.product-type.application"; };
		390E719C9B7B1E3B8AB7949D = {isa = PBXFileReference; lastKnownFileType = sourcecode.swift; path = "CoreTests.swift"; sourceTree = "<group>"; };
		0DDC25C509E1D7DAA89863C2 = {isa = PBXBuildFile; fileRef = 390E719C9B7B1E3B8AB7949D; };
		F68B38B3E85CA4A39A2D3157 = {isa = PBXFileReference; lastKnownFileType = sourcecode.swift; path = "GymStoreTests.swift"; sourceTree = "<group>"; };
		013A3183AEFE2D733D5829D1 = {isa = PBXBuildFile; fileRef = F68B38B3E85CA4A39A2D3157; };
		3FFC2D6458D3BD05BD13C6E4 = {isa = PBXFileReference; lastKnownFileType = sourcecode.swift; path = "TrainingMetricsTests.swift"; sourceTree = "<group>"; };
		D5B8DA4C4749F005A403E5DD = {isa = PBXBuildFile; fileRef = 3FFC2D6458D3BD05BD13C6E4; };
		8DBD54EB6EF96328C47F947F = {isa = PBXGroup; children = (390E719C9B7B1E3B8AB7949D, F68B38B3E85CA4A39A2D3157, 3FFC2D6458D3BD05BD13C6E4,); path = "GymTrackerTests"; sourceTree = "<group>"; };
		7C6C516CF58A1979649F59D8 = {isa = PBXFileReference; explicitFileType = wrapper.cfbundle; includeInIndex = 0; path = "GymTrackerTests.xctest"; sourceTree = BUILT_PRODUCTS_DIR; };
		F647D5CF2864DFD9309F14DE = {isa = PBXSourcesBuildPhase; buildActionMask = 2147483647; files = (0DDC25C509E1D7DAA89863C2, 013A3183AEFE2D733D5829D1, D5B8DA4C4749F005A403E5DD,); runOnlyForDeploymentPostprocessing = 0; };
		689E5389CB998ED1352840BD = {isa = PBXFrameworksBuildPhase; buildActionMask = 2147483647; files = (); runOnlyForDeploymentPostprocessing = 0; };
		10C50953DDFA3B4A88F99593 = {isa = PBXResourcesBuildPhase; buildActionMask = 2147483647; files = (); runOnlyForDeploymentPostprocessing = 0; };
		C9F5A927A9300FDF7A3E3E70 = {isa = XCBuildConfiguration; buildSettings = {PRODUCT_NAME = "$(TARGET_NAME)"; PRODUCT_BUNDLE_IDENTIFIER = "com.codex.gymtracker.GymTrackerTests"; SWIFT_VERSION = "5.0"; IPHONEOS_DEPLOYMENT_TARGET = "16.0"; TARGETED_DEVICE_FAMILY = "1"; CODE_SIGN_STYLE = "Automatic"; CURRENT_PROJECT_VERSION = "1"; MARKETING_VERSION = "0.1.0"; GENERATE_INFOPLIST_FILE = "YES"; SWIFT_STRICT_CONCURRENCY = "targeted"; TEST_HOST = "$(BUILT_PRODUCTS_DIR)/GymTracker.app/GymTracker"; BUNDLE_LOADER = "$(TEST_HOST)";}; name = Debug; };
		56EB9CC8A8D1042D4755B540 = {isa = XCBuildConfiguration; buildSettings = {PRODUCT_NAME = "$(TARGET_NAME)"; PRODUCT_BUNDLE_IDENTIFIER = "com.codex.gymtracker.GymTrackerTests"; SWIFT_VERSION = "5.0"; IPHONEOS_DEPLOYMENT_TARGET = "16.0"; TARGETED_DEVICE_FAMILY = "1"; CODE_SIGN_STYLE = "Automatic"; CURRENT_PROJECT_VERSION = "1"; MARKETING_VERSION = "0.1.0"; GENERATE_INFOPLIST_FILE = "YES"; SWIFT_STRICT_CONCURRENCY = "targeted"; TEST_HOST = "$(BUILT_PRODUCTS_DIR)/GymTracker.app/GymTracker"; BUNDLE_LOADER = "$(TEST_HOST)";}; name = Release; };
		5972F7CAB5AC4F467368CB31 = {isa = XCConfigurationList; buildConfigurations = (C9F5A927A9300FDF7A3E3E70, 56EB9CC8A8D1042D4755B540,); defaultConfigurationIsVisible = 0; defaultConfigurationName = Release; };
		107156790ABF9170F2C67E1A = {isa = PBXContainerItemProxy; containerPortal = 244210E48437B6556980A702; proxyType = 1; remoteGlobalIDString = 34B32DC670669FF896B11D92; remoteInfo = GymTracker; };
		3C4172D45ED88BD8621C9D90 = {isa = PBXTargetDependency; target = 34B32DC670669FF896B11D92; targetProxy = 107156790ABF9170F2C67E1A; };
		88914417091F2E72C8A6B3E6 = {isa = PBXNativeTarget; buildConfigurationList = 5972F7CAB5AC4F467368CB31; buildPhases = (F647D5CF2864DFD9309F14DE, 689E5389CB998ED1352840BD, 10C50953DDFA3B4A88F99593,); buildRules = (); dependencies = (3C4172D45ED88BD8621C9D90,); name = GymTrackerTests; productName = GymTrackerTests; productReference = 7C6C516CF58A1979649F59D8; productType = "com.apple.product-type.bundle.unit-test"; };
		B28956C1251AF19B1D680B98 = {isa = PBXFileReference; lastKnownFileType = sourcecode.swift; path = "SmokeTests.swift"; sourceTree = "<group>"; };
		E794339AE8D8E777E48F0E03 = {isa = PBXBuildFile; fileRef = B28956C1251AF19B1D680B98; };
		AA49A38BCEEB7F0244A570C3 = {isa = PBXGroup; children = (B28956C1251AF19B1D680B98,); path = "GymTrackerUITests"; sourceTree = "<group>"; };
		D8A832AD792AF9C964CF3543 = {isa = PBXFileReference; explicitFileType = wrapper.cfbundle; includeInIndex = 0; path = "GymTrackerUITests.xctest"; sourceTree = BUILT_PRODUCTS_DIR; };
		C271E66CDAB0F307DA16E5DE = {isa = PBXSourcesBuildPhase; buildActionMask = 2147483647; files = (E794339AE8D8E777E48F0E03,); runOnlyForDeploymentPostprocessing = 0; };
		2BD8658A1E9061EC30935093 = {isa = PBXFrameworksBuildPhase; buildActionMask = 2147483647; files = (); runOnlyForDeploymentPostprocessing = 0; };
		19922C1D3FDB8EA9C578A4EE = {isa = PBXResourcesBuildPhase; buildActionMask = 2147483647; files = (); runOnlyForDeploymentPostprocessing = 0; };
		71D5027FA2DA72D4AB5B9787 = {isa = XCBuildConfiguration; buildSettings = {PRODUCT_NAME = "$(TARGET_NAME)"; PRODUCT_BUNDLE_IDENTIFIER = "com.codex.gymtracker.GymTrackerUITests"; SWIFT_VERSION = "5.0"; IPHONEOS_DEPLOYMENT_TARGET = "16.0"; TARGETED_DEVICE_FAMILY = "1"; CODE_SIGN_STYLE = "Automatic"; CURRENT_PROJECT_VERSION = "1"; MARKETING_VERSION = "0.1.0"; GENERATE_INFOPLIST_FILE = "YES"; SWIFT_STRICT_CONCURRENCY = "targeted"; TEST_TARGET_NAME = "GymTracker";}; name = Debug; };
		7A5539C730F8D850FE6F9933 = {isa = XCBuildConfiguration; buildSettings = {PRODUCT_NAME = "$(TARGET_NAME)"; PRODUCT_BUNDLE_IDENTIFIER = "com.codex.gymtracker.GymTrackerUITests"; SWIFT_VERSION = "5.0"; IPHONEOS_DEPLOYMENT_TARGET = "16.0"; TARGETED_DEVICE_FAMILY = "1"; CODE_SIGN_STYLE = "Automatic"; CURRENT_PROJECT_VERSION = "1"; MARKETING_VERSION = "0.1.0"; GENERATE_INFOPLIST_FILE = "YES"; SWIFT_STRICT_CONCURRENCY = "targeted"; TEST_TARGET_NAME = "GymTracker";}; name = Release; };
		AD867F9A862BE78A360169EA = {isa = XCConfigurationList; buildConfigurations = (71D5027FA2DA72D4AB5B9787, 7A5539C730F8D850FE6F9933,); defaultConfigurationIsVisible = 0; defaultConfigurationName = Release; };
		61F80970A69C8834E201E37B = {isa = PBXContainerItemProxy; containerPortal = 244210E48437B6556980A702; proxyType = 1; remoteGlobalIDString = 34B32DC670669FF896B11D92; remoteInfo = GymTracker; };
		D30BCA4AC62C92869A8D408C = {isa = PBXTargetDependency; target = 34B32DC670669FF896B11D92; targetProxy = 61F80970A69C8834E201E37B; };
		00530EFFA509014D7121FDD9 = {isa = PBXNativeTarget; buildConfigurationList = AD867F9A862BE78A360169EA; buildPhases = (C271E66CDAB0F307DA16E5DE, 2BD8658A1E9061EC30935093, 19922C1D3FDB8EA9C578A4EE,); buildRules = (); dependencies = (D30BCA4AC62C92869A8D408C,); name = GymTrackerUITests; productName = GymTrackerUITests; productReference = D8A832AD792AF9C964CF3543; productType = "com.apple.product-type.bundle.ui-testing"; };
		0A3E27B8CA818264D75C8D81 = {isa = PBXGroup; children = (9754CD8115452941674D8B8D, 7C6C516CF58A1979649F59D8, D8A832AD792AF9C964CF3543,); name = Products; sourceTree = "<group>"; };
		0D6E4079E36703EBD37C0072 = {isa = PBXGroup; children = (2E2AFE6283F28B921B0A5A14, 8DBD54EB6EF96328C47F947F, AA49A38BCEEB7F0244A570C3, 0A3E27B8CA818264D75C8D81,); sourceTree = "<group>"; };
		3CCE7051BAA1B8E65CDEECD3 = {isa = XCBuildConfiguration; buildSettings = {SDKROOT = "iphoneos"; CLANG_ENABLE_MODULES = "YES"; CLANG_ENABLE_OBJC_ARC = "YES"; SWIFT_OPTIMIZATION_LEVEL = "-Onone"; DEBUG_INFORMATION_FORMAT = "dwarf"; ENABLE_TESTABILITY = "YES"; ONLY_ACTIVE_ARCH = "YES"; SWIFT_ACTIVE_COMPILATION_CONDITIONS = "DEBUG";}; name = Debug; };
		EB9B6A82A6FECD10C0E43155 = {isa = XCBuildConfiguration; buildSettings = {SDKROOT = "iphoneos"; CLANG_ENABLE_MODULES = "YES"; CLANG_ENABLE_OBJC_ARC = "YES"; SWIFT_OPTIMIZATION_LEVEL = "-O"; DEBUG_INFORMATION_FORMAT = "dwarf-with-dsym"; ENABLE_TESTABILITY = "NO"; ONLY_ACTIVE_ARCH = "NO";}; name = Release; };
		9879E227F5AD614B3D33074F = {isa = XCConfigurationList; buildConfigurations = (3CCE7051BAA1B8E65CDEECD3, EB9B6A82A6FECD10C0E43155,); defaultConfigurationIsVisible = 0; defaultConfigurationName = Release; };
		244210E48437B6556980A702 = {isa = PBXProject; attributes = {BuildIndependentTargetsInParallel = YES; LastUpgradeCheck = 1600;}; buildConfigurationList = 9879E227F5AD614B3D33074F; compatibilityVersion = "Xcode 14.0"; developmentRegion = es; hasScannedForEncodings = 0; knownRegions = (es, en, Base); mainGroup = 0D6E4079E36703EBD37C0072; productRefGroup = 0A3E27B8CA818264D75C8D81; projectDirPath = ""; projectRoot = ""; targets = (34B32DC670669FF896B11D92, 88914417091F2E72C8A6B3E6, 00530EFFA509014D7121FDD9,); };
	};
	rootObject = 244210E48437B6556980A702;
}
